
Microsoft Visual Studio Solution File, Format Version 12.00
# Visual Studio 2015
Project("{FAE04EC0-301F-11D3-BF4B-00C04F79EFBC}") = "-Unity-First-Person-View.CSharp", "-Unity-First-Person-View.CSharp.csproj", "{A2E88A57-F6BF-0E38-0394-3FC80F8A41F8}"
EndProject
Project("{FAE04EC0-301F-11D3-BF4B-00C04F79EFBC}") = "-Unity-First-Person-View.CSharp.Editor", "-Unity-First-Person-View.CSharp.Editor.csproj", "{53252180-CE58-B72E-7250-3CC8982873CD}"
EndProject
Global
	GlobalSection(SolutionConfigurationPlatforms) = preSolution
		Debug|Any CPU = Debug|Any CPU
		Release|Any CPU = Release|Any CPU
	EndGlobalSection
	GlobalSection(ProjectConfigurationPlatforms) = postSolution
		{A2E88A57-F6BF-0E38-0394-3FC80F8A41F8}.Debug|Any CPU.ActiveCfg = Debug|Any CPU
		{A2E88A57-F6BF-0E38-0394-3FC80F8A41F8}.Debug|Any CPU.Build.0 = Debug|Any CPU
		{A2E88A57-F6BF-0E38-0394-3FC80F8A41F8}.Release|Any CPU.ActiveCfg = Release|Any CPU
		{A2E88A57-F6BF-0E38-0394-3FC80F8A41F8}.Release|Any CPU.Build.0 = Release|Any CPU
		{53252180-CE58-B72E-7250-3CC8982873CD}.Debug|Any CPU.ActiveCfg = Debug|Any CPU
		{53252180-CE58-B72E-7250-3CC8982873CD}.Debug|Any CPU.Build.0 = Debug|Any CPU
		{53252180-CE58-B72E-7250-3CC8982873CD}.Release|Any CPU.ActiveCfg = Release|Any CPU
		{53252180-CE58-B72E-7250-3CC8982873CD}.Release|Any CPU.Build.0 = Release|Any CPU
	EndGlobalSection
	GlobalSection(SolutionProperties) = preSolution
		HideSolutionNode = FALSE
	EndGlobalSection
EndGlobal
