
Microsoft Visual Studio Solution File, Format Version 12.00
# Visual Studio 2015
Project("{FAE04EC0-301F-11D3-BF4B-00C04F79EFBC}") = "UnityVS.-Unity-First-Person-View.CSharp", "UnityVS.-Unity-First-Person-View.CSharp.csproj", "{79B73312-42F4-1791-FE84-D53ED63DAB21}"
EndProject
Project("{FAE04EC0-301F-11D3-BF4B-00C04F79EFBC}") = "UnityVS.-Unity-First-Person-View.CSharp.Editor", "UnityVS.-Unity-First-Person-View.CSharp.Editor.csproj", "{73632B26-AA8A-C1BB-2DF4-596D3013C631}"
EndProject
Global
	GlobalSection(SolutionConfigurationPlatforms) = preSolution
		Debug|Any CPU = Debug|Any CPU
		Release|Any CPU = Release|Any CPU
	EndGlobalSection
	GlobalSection(ProjectConfigurationPlatforms) = postSolution
		{79B73312-42F4-1791-FE84-D53ED63DAB21}.Debug|Any CPU.ActiveCfg = Debug|Any CPU
		{79B73312-42F4-1791-FE84-D53ED63DAB21}.Debug|Any CPU.Build.0 = Debug|Any CPU
		{79B73312-42F4-1791-FE84-D53ED63DAB21}.Release|Any CPU.ActiveCfg = Release|Any CPU
		{79B73312-42F4-1791-FE84-D53ED63DAB21}.Release|Any CPU.Build.0 = Release|Any CPU
		{73632B26-AA8A-C1BB-2DF4-596D3013C631}.Debug|Any CPU.ActiveCfg = Debug|Any CPU
		{73632B26-AA8A-C1BB-2DF4-596D3013C631}.Debug|Any CPU.Build.0 = Debug|Any CPU
		{73632B26-AA8A-C1BB-2DF4-596D3013C631}.Release|Any CPU.ActiveCfg = Release|Any CPU
		{73632B26-AA8A-C1BB-2DF4-596D3013C631}.Release|Any CPU.Build.0 = Release|Any CPU
	EndGlobalSection
	GlobalSection(SolutionProperties) = preSolution
		HideSolutionNode = FALSE
	EndGlobalSection
EndGlobal
